
Microsoft Visual Studio Solution File, Format Version 12.00
# Visual Studio 14
VisualStudioVersion = 14.0.25420.1
MinimumVisualStudioVersion = 10.0.40219.1
Project("{FAE04EC0-301F-11D3-BF4B-00C04F79EFBC}") = "HotelReservacion", "HotelReservacion\HotelReservacion.csproj", "{1E2EB223-FA77-462A-B639-ADF317721246}"
EndProject
Project("{FAE04EC0-301F-11D3-BF4B-00C04F79EFBC}") = "Seguridad.BL", "Seguridad.BL\Seguridad.BL.csproj", "{639E4976-1822-4A68-B2B1-259E074762B8}"
EndProject
Project("{FAE04EC0-301F-11D3-BF4B-00C04F79EFBC}") = "Reservacion.BL", "Reservacion.BL\Reservacion.BL.csproj", "{042232B9-1C9E-4A48-8109-F95709A277F1}"
EndProject
Global
	GlobalSection(SolutionConfigurationPlatforms) = preSolution
		Debug|Any CPU = Debug|Any CPU
		Release|Any CPU = Release|Any CPU
	EndGlobalSection
	GlobalSection(ProjectConfigurationPlatforms) = postSolution
		{1E2EB223-FA77-462A-B639-ADF317721246}.Debug|Any CPU.ActiveCfg = Debug|Any CPU
		{1E2EB223-FA77-462A-B639-ADF317721246}.Debug|Any CPU.Build.0 = Debug|Any CPU
		{1E2EB223-FA77-462A-B639-ADF317721246}.Release|Any CPU.ActiveCfg = Release|Any CPU
		{1E2EB223-FA77-462A-B639-ADF317721246}.Release|Any CPU.Build.0 = Release|Any CPU
		{639E4976-1822-4A68-B2B1-259E074762B8}.Debug|Any CPU.ActiveCfg = Debug|Any CPU
		{639E4976-1822-4A68-B2B1-259E074762B8}.Debug|Any CPU.Build.0 = Debug|Any CPU
		{639E4976-1822-4A68-B2B1-259E074762B8}.Release|Any CPU.ActiveCfg = Release|Any CPU
		{639E4976-1822-4A68-B2B1-259E074762B8}.Release|Any CPU.Build.0 = Release|Any CPU
		{042232B9-1C9E-4A48-8109-F95709A277F1}.Debug|Any CPU.ActiveCfg = Debug|Any CPU
		{042232B9-1C9E-4A48-8109-F95709A277F1}.Debug|Any CPU.Build.0 = Debug|Any CPU
		{042232B9-1C9E-4A48-8109-F95709A277F1}.Release|Any CPU.ActiveCfg = Release|Any CPU
		{042232B9-1C9E-4A48-8109-F95709A277F1}.Release|Any CPU.Build.0 = Release|Any CPU
	EndGlobalSection
	GlobalSection(SolutionProperties) = preSolution
		HideSolutionNode = FALSE
	EndGlobalSection
EndGlobal
